# This file is automatically @generated by Cargo.
# It is not intended for manual editing.
version = 4

[[package]]
name = "rusticord-app"
version = "0.1.0"

[[package]]
name = "rusticord-auth"
version = "0.1.0"

[[package]]
name = "rusticord-config"
version = "0.1.0"

[[package]]
name = "rusticord-desktop"
version = "0.1.0"

[[package]]
name = "rusticord-discord"
version = "0.1.0"

[[package]]
name = "rusticord-domain"
version = "0.1.0"

[[package]]
name = "rusticord-media"
version = "0.1.0"

[[package]]
name = "rusticord-network"
version = "0.1.0"

[[package]]
name = "rusticord-platform"
version = "0.1.0"

[[package]]
name = "rusticord-state"
version = "0.1.0"

[[package]]
name = "rusticord-storage"
version = "0.1.0"

[[package]]
name = "rusticord-telemetry"
version = "0.1.0"

[[package]]
name = "rusticord-test-support"
version = "0.1.0"

[[package]]
name = "rusticord-ui"
version = "0.1.0"

[[package]]
name = "rusticord-ui-kit"
version = "0.1.0"

[[package]]
name = "rusticord-voice"
version = "0.1.0"
